# This file was autogenerated by Stack.
# You should not edit this file by hand.
# For more information, please see the documentation at:
#   https://docs.haskellstack.org/en/stable/topics/lock_files

packages: []
snapshots:
- completed:
    sha256: 073d676b7327793e95187480e50c7ba4ce6983c37453a0522984d174f8606471
    size: 613581
    url: https://raw.githubusercontent.com/commercialhaskell/stackage-snapshots/master/nightly/2024/12/17.yaml
  original: nightly-2024-12-17
